<?xml version="1.0" encoding="utf-8"?>
<Project ToolsVersion="4.0" xmlns="http://schemas.microsoft.com/developer/msbuild/2003">
  <ItemGroup>
    <Filter Include="Condor">
      <UniqueIdentifier>{AA503FAC-96F2-6982-7FAD-7DD66BEEF0D2}</UniqueIdentifier>
    </Filter>
  </ItemGroup>
  <ItemGroup>
    <ClInclude Include="src\Condor.h" />
    <ClInclude Include="src\Condor\Application.h">
      <Filter>Condor</Filter>
    </ClInclude>
    <ClInclude Include="src\Condor\Core.h">
      <Filter>Condor</Filter>
    </ClInclude>
    <ClInclude Include="src\Condor\EntryPoint.h">
      <Filter>Condor</Filter>
    </ClInclude>
    <ClInclude Include="src\Condor\Log.h">
      <Filter>Condor</Filter>
    </ClInclude>
  </ItemGroup>
  <ItemGroup>
    <ClCompile Include="src\Condor\Application.cpp">
      <Filter>Condor</Filter>
    </ClCompile>
    <ClCompile Include="src\Condor\Log.cpp">
      <Filter>Condor</Filter>
    </ClCompile>
  </ItemGroup>
</Project>